
Microsoft Visual Studio Solution File, Format Version 12.00
Project("{2150E333-8FDC-42A3-9474-1A3956D46DE8}") = "Base", "Base", "{A67EAEAF-EF53-48F3-A3FC-50D7E7235328}"
EndProject
Project("{2150E333-8FDC-42A3-9474-1A3956D46DE8}") = "Base.Contracts", "Base.Contracts", "{39D17FE1-D1A3-473E-86BD-6FF2DB055BBB}"
EndProject
Project("{FAE04EC0-301F-11D3-BF4B-00C04F79EFBC}") = "Base.Contracts.Domain", "Base.Contracts.Domain\Base.Contracts.Domain.csproj", "{DBD48A97-4D6A-4063-94FB-6BEE051DB080}"
EndProject
Project("{FAE04EC0-301F-11D3-BF4B-00C04F79EFBC}") = "Base.Domain", "Base.Domain\Base.Domain.csproj", "{B9C40D50-CBF6-4F6E-984A-D466C27A0D22}"
EndProject
Project("{2150E333-8FDC-42A3-9474-1A3956D46DE8}") = "App", "App", "{8A71B33A-ADCD-48C7-92D6-7F13F6C6D250}"
EndProject
Project("{FAE04EC0-301F-11D3-BF4B-00C04F79EFBC}") = "App.Domain", "App.Domain\App.Domain.csproj", "{44045816-6C6A-44E9-A76B-79F4C0016E46}"
EndProject
Project("{2150E333-8FDC-42A3-9474-1A3956D46DE8}") = "SolutionItems", "SolutionItems", "{109CC13B-B788-40A0-922E-85D151E39F32}"
	ProjectSection(SolutionItems) = preProject
		docker-compose.yml = docker-compose.yml
		.gitignore = .gitignore
		README.md = README.md
		..\CSharpHomework\Directory.Build.props = ..\CSharpHomework\Directory.Build.props
	EndProjectSection
EndProject
Project("{FAE04EC0-301F-11D3-BF4B-00C04F79EFBC}") = "App.DAL.EF", "App.DAL.EF\App.DAL.EF.csproj", "{D038B4F3-C5CA-4270-89A3-420D4AE47664}"
EndProject
Project("{FAE04EC0-301F-11D3-BF4B-00C04F79EFBC}") = "WebApp", "WebApp\WebApp.csproj", "{9B6F0CB9-A54F-4445-8EEF-B55E62437CEA}"
EndProject
Project("{FAE04EC0-301F-11D3-BF4B-00C04F79EFBC}") = "Base.Contracts.DAL", "Base.Contracts.DAL\Base.Contracts.DAL.csproj", "{DB310B4F-9CF1-4951-B890-C0CACBBA83C7}"
EndProject
Project("{FAE04EC0-301F-11D3-BF4B-00C04F79EFBC}") = "Base.DAL.EF", "Base.DAL.EF\Base.DAL.EF.csproj", "{61632EB4-5C80-4BF2-9441-B6E6642ED459}"
EndProject
Project("{FAE04EC0-301F-11D3-BF4B-00C04F79EFBC}") = "App.Contracts.DAL", "App.Contracts.DAL\App.Contracts.DAL.csproj", "{FC4B31E7-CDFE-490E-958E-DF0CD6C26220}"
EndProject
Project("{FAE04EC0-301F-11D3-BF4B-00C04F79EFBC}") = "Base.Extensions", "Base.Extensions\Base.Extensions.csproj", "{049A7E58-1296-4704-9945-B2729930CABF}"
EndProject
Project("{FAE04EC0-301F-11D3-BF4B-00C04F79EFBC}") = "App.DAL.DTO", "App.DAL.DTO\App.DAL.DTO.csproj", "{FFF27397-FC72-486A-B7D6-86FF4959D062}"
EndProject
Project("{FAE04EC0-301F-11D3-BF4B-00C04F79EFBC}") = "Base.Contracts.Base", "Base.Contracts.Base\Base.Contracts.Base.csproj", "{09575BD5-5393-44F5-9533-C11C8ACC6476}"
EndProject
Project("{FAE04EC0-301F-11D3-BF4B-00C04F79EFBC}") = "Base.DAL", "Base.DAL\Base.DAL.csproj", "{FBE07A70-4935-40E5-8035-2E56F7FBB512}"
EndProject
Project("{FAE04EC0-301F-11D3-BF4B-00C04F79EFBC}") = "Base.Contracts.BLL", "Base.Contracts.BLL\Base.Contracts.BLL.csproj", "{9E366FBF-22B8-4CE9-AAC4-33783F96929E}"
EndProject
Project("{FAE04EC0-301F-11D3-BF4B-00C04F79EFBC}") = "Base.BLL", "Base.BLL\Base.BLL.csproj", "{1BE54FCC-D5B9-4C3C-A0F9-DA39ACACD797}"
EndProject
Project("{FAE04EC0-301F-11D3-BF4B-00C04F79EFBC}") = "App.BLL", "App.BLL\App.BLL.csproj", "{552C3352-5CCA-4DB7-B5A9-4E9A0CEE026B}"
EndProject
Project("{FAE04EC0-301F-11D3-BF4B-00C04F79EFBC}") = "App.BLL.DTO", "App.BLL.DTO\App.BLL.DTO.csproj", "{E93A83C8-D4E7-4BC7-B6C7-BFE6CDDDD48A}"
EndProject
Project("{FAE04EC0-301F-11D3-BF4B-00C04F79EFBC}") = "App.Contracts.BLL", "App.Contracts.BLL\App.Contracts.BLL.csproj", "{FD3715F3-E542-4487-B77F-FFC05EE5D487}"
EndProject
Project("{FAE04EC0-301F-11D3-BF4B-00C04F79EFBC}") = "App.Public.DTO", "App.Public.DTO\App.Public.DTO.csproj", "{5C455231-03B4-4A96-AD3D-7118AF0278C3}"
EndProject
Project("{FAE04EC0-301F-11D3-BF4B-00C04F79EFBC}") = "Testing.WebApp", "Testing.WebApp\Testing.WebApp.csproj", "{8627AEFD-598C-4FB2-8615-7E3EDE0B2859}"
EndProject
Global
	GlobalSection(SolutionConfigurationPlatforms) = preSolution
		Debug|Any CPU = Debug|Any CPU
		Release|Any CPU = Release|Any CPU
	EndGlobalSection
	GlobalSection(ProjectConfigurationPlatforms) = postSolution
		{DBD48A97-4D6A-4063-94FB-6BEE051DB080}.Debug|Any CPU.ActiveCfg = Debug|Any CPU
		{DBD48A97-4D6A-4063-94FB-6BEE051DB080}.Debug|Any CPU.Build.0 = Debug|Any CPU
		{DBD48A97-4D6A-4063-94FB-6BEE051DB080}.Release|Any CPU.ActiveCfg = Release|Any CPU
		{DBD48A97-4D6A-4063-94FB-6BEE051DB080}.Release|Any CPU.Build.0 = Release|Any CPU
		{B9C40D50-CBF6-4F6E-984A-D466C27A0D22}.Debug|Any CPU.ActiveCfg = Debug|Any CPU
		{B9C40D50-CBF6-4F6E-984A-D466C27A0D22}.Debug|Any CPU.Build.0 = Debug|Any CPU
		{B9C40D50-CBF6-4F6E-984A-D466C27A0D22}.Release|Any CPU.ActiveCfg = Release|Any CPU
		{B9C40D50-CBF6-4F6E-984A-D466C27A0D22}.Release|Any CPU.Build.0 = Release|Any CPU
		{44045816-6C6A-44E9-A76B-79F4C0016E46}.Debug|Any CPU.ActiveCfg = Debug|Any CPU
		{44045816-6C6A-44E9-A76B-79F4C0016E46}.Debug|Any CPU.Build.0 = Debug|Any CPU
		{44045816-6C6A-44E9-A76B-79F4C0016E46}.Release|Any CPU.ActiveCfg = Release|Any CPU
		{44045816-6C6A-44E9-A76B-79F4C0016E46}.Release|Any CPU.Build.0 = Release|Any CPU
		{D038B4F3-C5CA-4270-89A3-420D4AE47664}.Debug|Any CPU.ActiveCfg = Debug|Any CPU
		{D038B4F3-C5CA-4270-89A3-420D4AE47664}.Debug|Any CPU.Build.0 = Debug|Any CPU
		{D038B4F3-C5CA-4270-89A3-420D4AE47664}.Release|Any CPU.ActiveCfg = Release|Any CPU
		{D038B4F3-C5CA-4270-89A3-420D4AE47664}.Release|Any CPU.Build.0 = Release|Any CPU
		{9B6F0CB9-A54F-4445-8EEF-B55E62437CEA}.Debug|Any CPU.ActiveCfg = Debug|Any CPU
		{9B6F0CB9-A54F-4445-8EEF-B55E62437CEA}.Debug|Any CPU.Build.0 = Debug|Any CPU
		{9B6F0CB9-A54F-4445-8EEF-B55E62437CEA}.Release|Any CPU.ActiveCfg = Release|Any CPU
		{9B6F0CB9-A54F-4445-8EEF-B55E62437CEA}.Release|Any CPU.Build.0 = Release|Any CPU
		{DB310B4F-9CF1-4951-B890-C0CACBBA83C7}.Debug|Any CPU.ActiveCfg = Debug|Any CPU
		{DB310B4F-9CF1-4951-B890-C0CACBBA83C7}.Debug|Any CPU.Build.0 = Debug|Any CPU
		{DB310B4F-9CF1-4951-B890-C0CACBBA83C7}.Release|Any CPU.ActiveCfg = Release|Any CPU
		{DB310B4F-9CF1-4951-B890-C0CACBBA83C7}.Release|Any CPU.Build.0 = Release|Any CPU
		{61632EB4-5C80-4BF2-9441-B6E6642ED459}.Debug|Any CPU.ActiveCfg = Debug|Any CPU
		{61632EB4-5C80-4BF2-9441-B6E6642ED459}.Debug|Any CPU.Build.0 = Debug|Any CPU
		{61632EB4-5C80-4BF2-9441-B6E6642ED459}.Release|Any CPU.ActiveCfg = Release|Any CPU
		{61632EB4-5C80-4BF2-9441-B6E6642ED459}.Release|Any CPU.Build.0 = Release|Any CPU
		{FC4B31E7-CDFE-490E-958E-DF0CD6C26220}.Debug|Any CPU.ActiveCfg = Debug|Any CPU
		{FC4B31E7-CDFE-490E-958E-DF0CD6C26220}.Debug|Any CPU.Build.0 = Debug|Any CPU
		{FC4B31E7-CDFE-490E-958E-DF0CD6C26220}.Release|Any CPU.ActiveCfg = Release|Any CPU
		{FC4B31E7-CDFE-490E-958E-DF0CD6C26220}.Release|Any CPU.Build.0 = Release|Any CPU
		{049A7E58-1296-4704-9945-B2729930CABF}.Debug|Any CPU.ActiveCfg = Debug|Any CPU
		{049A7E58-1296-4704-9945-B2729930CABF}.Debug|Any CPU.Build.0 = Debug|Any CPU
		{049A7E58-1296-4704-9945-B2729930CABF}.Release|Any CPU.ActiveCfg = Release|Any CPU
		{049A7E58-1296-4704-9945-B2729930CABF}.Release|Any CPU.Build.0 = Release|Any CPU
		{FFF27397-FC72-486A-B7D6-86FF4959D062}.Debug|Any CPU.ActiveCfg = Debug|Any CPU
		{FFF27397-FC72-486A-B7D6-86FF4959D062}.Debug|Any CPU.Build.0 = Debug|Any CPU
		{FFF27397-FC72-486A-B7D6-86FF4959D062}.Release|Any CPU.ActiveCfg = Release|Any CPU
		{FFF27397-FC72-486A-B7D6-86FF4959D062}.Release|Any CPU.Build.0 = Release|Any CPU
		{09575BD5-5393-44F5-9533-C11C8ACC6476}.Debug|Any CPU.ActiveCfg = Debug|Any CPU
		{09575BD5-5393-44F5-9533-C11C8ACC6476}.Debug|Any CPU.Build.0 = Debug|Any CPU
		{09575BD5-5393-44F5-9533-C11C8ACC6476}.Release|Any CPU.ActiveCfg = Release|Any CPU
		{09575BD5-5393-44F5-9533-C11C8ACC6476}.Release|Any CPU.Build.0 = Release|Any CPU
		{FBE07A70-4935-40E5-8035-2E56F7FBB512}.Debug|Any CPU.ActiveCfg = Debug|Any CPU
		{FBE07A70-4935-40E5-8035-2E56F7FBB512}.Debug|Any CPU.Build.0 = Debug|Any CPU
		{FBE07A70-4935-40E5-8035-2E56F7FBB512}.Release|Any CPU.ActiveCfg = Release|Any CPU
		{FBE07A70-4935-40E5-8035-2E56F7FBB512}.Release|Any CPU.Build.0 = Release|Any CPU
		{9E366FBF-22B8-4CE9-AAC4-33783F96929E}.Debug|Any CPU.ActiveCfg = Debug|Any CPU
		{9E366FBF-22B8-4CE9-AAC4-33783F96929E}.Debug|Any CPU.Build.0 = Debug|Any CPU
		{9E366FBF-22B8-4CE9-AAC4-33783F96929E}.Release|Any CPU.ActiveCfg = Release|Any CPU
		{9E366FBF-22B8-4CE9-AAC4-33783F96929E}.Release|Any CPU.Build.0 = Release|Any CPU
		{1BE54FCC-D5B9-4C3C-A0F9-DA39ACACD797}.Debug|Any CPU.ActiveCfg = Debug|Any CPU
		{1BE54FCC-D5B9-4C3C-A0F9-DA39ACACD797}.Debug|Any CPU.Build.0 = Debug|Any CPU
		{1BE54FCC-D5B9-4C3C-A0F9-DA39ACACD797}.Release|Any CPU.ActiveCfg = Release|Any CPU
		{1BE54FCC-D5B9-4C3C-A0F9-DA39ACACD797}.Release|Any CPU.Build.0 = Release|Any CPU
		{552C3352-5CCA-4DB7-B5A9-4E9A0CEE026B}.Debug|Any CPU.ActiveCfg = Debug|Any CPU
		{552C3352-5CCA-4DB7-B5A9-4E9A0CEE026B}.Debug|Any CPU.Build.0 = Debug|Any CPU
		{552C3352-5CCA-4DB7-B5A9-4E9A0CEE026B}.Release|Any CPU.ActiveCfg = Release|Any CPU
		{552C3352-5CCA-4DB7-B5A9-4E9A0CEE026B}.Release|Any CPU.Build.0 = Release|Any CPU
		{E93A83C8-D4E7-4BC7-B6C7-BFE6CDDDD48A}.Debug|Any CPU.ActiveCfg = Debug|Any CPU
		{E93A83C8-D4E7-4BC7-B6C7-BFE6CDDDD48A}.Debug|Any CPU.Build.0 = Debug|Any CPU
		{E93A83C8-D4E7-4BC7-B6C7-BFE6CDDDD48A}.Release|Any CPU.ActiveCfg = Release|Any CPU
		{E93A83C8-D4E7-4BC7-B6C7-BFE6CDDDD48A}.Release|Any CPU.Build.0 = Release|Any CPU
		{FD3715F3-E542-4487-B77F-FFC05EE5D487}.Debug|Any CPU.ActiveCfg = Debug|Any CPU
		{FD3715F3-E542-4487-B77F-FFC05EE5D487}.Debug|Any CPU.Build.0 = Debug|Any CPU
		{FD3715F3-E542-4487-B77F-FFC05EE5D487}.Release|Any CPU.ActiveCfg = Release|Any CPU
		{FD3715F3-E542-4487-B77F-FFC05EE5D487}.Release|Any CPU.Build.0 = Release|Any CPU
		{5C455231-03B4-4A96-AD3D-7118AF0278C3}.Debug|Any CPU.ActiveCfg = Debug|Any CPU
		{5C455231-03B4-4A96-AD3D-7118AF0278C3}.Debug|Any CPU.Build.0 = Debug|Any CPU
		{5C455231-03B4-4A96-AD3D-7118AF0278C3}.Release|Any CPU.ActiveCfg = Release|Any CPU
		{5C455231-03B4-4A96-AD3D-7118AF0278C3}.Release|Any CPU.Build.0 = Release|Any CPU
		{8627AEFD-598C-4FB2-8615-7E3EDE0B2859}.Debug|Any CPU.ActiveCfg = Debug|Any CPU
		{8627AEFD-598C-4FB2-8615-7E3EDE0B2859}.Debug|Any CPU.Build.0 = Debug|Any CPU
		{8627AEFD-598C-4FB2-8615-7E3EDE0B2859}.Release|Any CPU.ActiveCfg = Release|Any CPU
		{8627AEFD-598C-4FB2-8615-7E3EDE0B2859}.Release|Any CPU.Build.0 = Release|Any CPU
	EndGlobalSection
	GlobalSection(NestedProjects) = preSolution
		{DBD48A97-4D6A-4063-94FB-6BEE051DB080} = {39D17FE1-D1A3-473E-86BD-6FF2DB055BBB}
		{B9C40D50-CBF6-4F6E-984A-D466C27A0D22} = {A67EAEAF-EF53-48F3-A3FC-50D7E7235328}
		{44045816-6C6A-44E9-A76B-79F4C0016E46} = {8A71B33A-ADCD-48C7-92D6-7F13F6C6D250}
		{D038B4F3-C5CA-4270-89A3-420D4AE47664} = {8A71B33A-ADCD-48C7-92D6-7F13F6C6D250}
		{9B6F0CB9-A54F-4445-8EEF-B55E62437CEA} = {8A71B33A-ADCD-48C7-92D6-7F13F6C6D250}
		{DB310B4F-9CF1-4951-B890-C0CACBBA83C7} = {39D17FE1-D1A3-473E-86BD-6FF2DB055BBB}
		{61632EB4-5C80-4BF2-9441-B6E6642ED459} = {A67EAEAF-EF53-48F3-A3FC-50D7E7235328}
		{FC4B31E7-CDFE-490E-958E-DF0CD6C26220} = {8A71B33A-ADCD-48C7-92D6-7F13F6C6D250}
		{049A7E58-1296-4704-9945-B2729930CABF} = {A67EAEAF-EF53-48F3-A3FC-50D7E7235328}
		{FFF27397-FC72-486A-B7D6-86FF4959D062} = {8A71B33A-ADCD-48C7-92D6-7F13F6C6D250}
		{09575BD5-5393-44F5-9533-C11C8ACC6476} = {39D17FE1-D1A3-473E-86BD-6FF2DB055BBB}
		{FBE07A70-4935-40E5-8035-2E56F7FBB512} = {A67EAEAF-EF53-48F3-A3FC-50D7E7235328}
		{9E366FBF-22B8-4CE9-AAC4-33783F96929E} = {39D17FE1-D1A3-473E-86BD-6FF2DB055BBB}
		{1BE54FCC-D5B9-4C3C-A0F9-DA39ACACD797} = {A67EAEAF-EF53-48F3-A3FC-50D7E7235328}
		{552C3352-5CCA-4DB7-B5A9-4E9A0CEE026B} = {8A71B33A-ADCD-48C7-92D6-7F13F6C6D250}
		{E93A83C8-D4E7-4BC7-B6C7-BFE6CDDDD48A} = {8A71B33A-ADCD-48C7-92D6-7F13F6C6D250}
		{FD3715F3-E542-4487-B77F-FFC05EE5D487} = {8A71B33A-ADCD-48C7-92D6-7F13F6C6D250}
		{5C455231-03B4-4A96-AD3D-7118AF0278C3} = {8A71B33A-ADCD-48C7-92D6-7F13F6C6D250}
	EndGlobalSection
EndGlobal
